<?xml version="1.0" encoding="utf-8"?>
<Project ToolsVersion="4.0" xmlns="http://schemas.microsoft.com/developer/msbuild/2003">
  <ItemGroup>
    <Filter Include="Engine">
      <UniqueIdentifier>{da7f5b62-3eca-4d91-b277-17141dd7cf5a}</UniqueIdentifier>
    </Filter>
    <Filter Include="Game">
      <UniqueIdentifier>{0775712e-86a4-44b8-9fb1-e63547c31759}</UniqueIdentifier>
    </Filter>
  </ItemGroup>
  <ItemGroup>
    <None Include="packages.config" />
    <None Include="ClassDiagram.cd" />
  </ItemGroup>
  <ItemGroup>
    <ClInclude Include="EntityController.h">
      <Filter>Game</Filter>
    </ClInclude>
    <ClInclude Include="EntityGrounded.h">
      <Filter>Game</Filter>
    </ClInclude>
    <ClInclude Include="GoombaAI.h">
      <Filter>Game</Filter>
    </ClInclude>
    <ClInclude Include="GoombaAnimations.h">
      <Filter>Game</Filter>
    </ClInclude>
    <ClInclude Include="MarioAnimations.h">
      <Filter>Game</Filter>
    </ClInclude>
    <ClInclude Include="MenuController.h">
      <Filter>Game</Filter>
    </ClInclude>
    <ClInclude Include="PlayerInput.h">
      <Filter>Game</Filter>
    </ClInclude>
    <ClInclude Include="Time.h">
      <Filter>Game</Filter>
    </ClInclude>
    <ClInclude Include="Audio.h">
      <Filter>Game</Filter>
    </ClInclude>
    <ClInclude Include="CircularLinkedList.h">
      <Filter>Game</Filter>
    </ClInclude>
    <ClInclude Include="Engine\AnimatedSprite.h">
      <Filter>Engine</Filter>
    </ClInclude>
    <ClInclude Include="Engine\Animation.h">
      <Filter>Engine</Filter>
    </ClInclude>
    <ClInclude Include="Engine\Application.h">
      <Filter>Engine</Filter>
    </ClInclude>
    <ClInclude Include="Engine\Collider.h">
      <Filter>Engine</Filter>
    </ClInclude>
    <ClInclude Include="Engine\Collision.h">
      <Filter>Engine</Filter>
    </ClInclude>
    <ClInclude Include="Engine\Component.h">
      <Filter>Engine</Filter>
    </ClInclude>
    <ClInclude Include="Engine\FiniteStateMachine.h">
      <Filter>Engine</Filter>
    </ClInclude>
    <ClInclude Include="Engine\GameObject.h">
      <Filter>Engine</Filter>
    </ClInclude>
    <ClInclude Include="Engine\Input.h">
      <Filter>Engine</Filter>
    </ClInclude>
    <ClInclude Include="Engine\Object.h">
      <Filter>Engine</Filter>
    </ClInclude>
    <ClInclude Include="Engine\Renderer.h">
      <Filter>Engine</Filter>
    </ClInclude>
    <ClInclude Include="Engine\Scene.h">
      <Filter>Engine</Filter>
    </ClInclude>
    <ClInclude Include="Engine\SDLTexture.h">
      <Filter>Engine</Filter>
    </ClInclude>
    <ClInclude Include="Engine\SDLWindow.h">
      <Filter>Engine</Filter>
    </ClInclude>
    <ClInclude Include="Engine\Sprite.h">
      <Filter>Engine</Filter>
    </ClInclude>
    <ClInclude Include="Engine\Storable.h">
      <Filter>Engine</Filter>
    </ClInclude>
    <ClInclude Include="Engine\Tile.h">
      <Filter>Engine</Filter>
    </ClInclude>
    <ClInclude Include="Engine\Tilemap.h">
      <Filter>Engine</Filter>
    </ClInclude>
    <ClInclude Include="Engine\Vector.h">
      <Filter>Engine</Filter>
    </ClInclude>
    <ClInclude Include="Engine\Window.h">
      <Filter>Engine</Filter>
    </ClInclude>
  </ItemGroup>
  <ItemGroup>
    <ClCompile Include="EntityGrounded.cpp">
      <Filter>Game</Filter>
    </ClCompile>
    <ClCompile Include="GoombaAI.cpp">
      <Filter>Game</Filter>
    </ClCompile>
    <ClCompile Include="Main.cpp">
      <Filter>Game</Filter>
    </ClCompile>
    <ClCompile Include="MenuController.cpp">
      <Filter>Game</Filter>
    </ClCompile>
    <ClCompile Include="PlayerInput.cpp">
      <Filter>Game</Filter>
    </ClCompile>
    <ClCompile Include="Audio.cpp">
      <Filter>Game</Filter>
    </ClCompile>
    <ClCompile Include="CircularLinkedList.cpp">
      <Filter>Game</Filter>
    </ClCompile>
    <ClCompile Include="EntityController.cpp">
      <Filter>Game</Filter>
    </ClCompile>
    <ClCompile Include="Engine\Application.cpp">
      <Filter>Engine</Filter>
    </ClCompile>
    <ClCompile Include="Engine\Collider.cpp">
      <Filter>Engine</Filter>
    </ClCompile>
    <ClCompile Include="Engine\Collision.cpp">
      <Filter>Engine</Filter>
    </ClCompile>
    <ClCompile Include="Engine\Component.cpp">
      <Filter>Engine</Filter>
    </ClCompile>
    <ClCompile Include="Engine\GameObject.cpp">
      <Filter>Engine</Filter>
    </ClCompile>
    <ClCompile Include="Engine\Input.cpp">
      <Filter>Engine</Filter>
    </ClCompile>
    <ClCompile Include="Engine\Object.cpp">
      <Filter>Engine</Filter>
    </ClCompile>
    <ClCompile Include="Engine\Renderer.cpp">
      <Filter>Engine</Filter>
    </ClCompile>
    <ClCompile Include="Engine\Scene.cpp">
      <Filter>Engine</Filter>
    </ClCompile>
    <ClCompile Include="Engine\SDLTexture.cpp">
      <Filter>Engine</Filter>
    </ClCompile>
    <ClCompile Include="Engine\SDLWindow.cpp">
      <Filter>Engine</Filter>
    </ClCompile>
    <ClCompile Include="Engine\Sprite.cpp">
      <Filter>Engine</Filter>
    </ClCompile>
    <ClCompile Include="Engine\Storable.cpp">
      <Filter>Engine</Filter>
    </ClCompile>
    <ClCompile Include="Engine\Tilemap.cpp">
      <Filter>Engine</Filter>
    </ClCompile>
    <ClCompile Include="Engine\Window.cpp">
      <Filter>Engine</Filter>
    </ClCompile>
  </ItemGroup>
</Project>