<?xml version="1.0" encoding="utf-8"?>
<Project ToolsVersion="4.0" xmlns="http://schemas.microsoft.com/developer/msbuild/2003">
  <ItemGroup>
    <ClCompile Include="Engine\Application.cpp" />
    <ClCompile Include="Engine\Component.cpp" />
    <ClCompile Include="Engine\GameObject.cpp" />
    <ClCompile Include="Engine\Input.cpp" />
    <ClCompile Include="Engine\Main.cpp" />
    <ClCompile Include="Engine\Object.cpp" />
    <ClCompile Include="Engine\Renderer.cpp" />
    <ClCompile Include="Engine\Scene.cpp" />
    <ClCompile Include="Engine\SDLTexture.cpp" />
    <ClCompile Include="Engine\SDLWindow.cpp" />
    <ClCompile Include="Engine\Storable.cpp" />
    <ClCompile Include="Engine\Window.cpp" />
  </ItemGroup>
  <ItemGroup>
    <ClInclude Include="Engine\Application.h" />
    <ClInclude Include="Engine\Component.h" />
    <ClInclude Include="Engine\GameObject.h" />
    <ClInclude Include="Engine\Input.h" />
    <ClInclude Include="Engine\Object.h" />
    <ClInclude Include="Engine\Renderer.h" />
    <ClInclude Include="Engine\Scene.h" />
    <ClInclude Include="Engine\SDLTexture.h" />
    <ClInclude Include="Engine\SDLWindow.h" />
    <ClInclude Include="Engine\Storable.h" />
    <ClInclude Include="Engine\Vector.h" />
    <ClInclude Include="Engine\Window.h" />
  </ItemGroup>
  <ItemGroup>
    <None Include="packages.config" />
  </ItemGroup>
</Project>